
Microsoft Visual Studio Solution File, Format Version 12.00
# Visual Studio 14
VisualStudioVersion = 14.0.24720.0
MinimumVisualStudioVersion = 10.0.40219.1
Project("{FAE04EC0-301F-11D3-BF4B-00C04F79EFBC}") = "DA", "DA\DA.csproj", "{A59D8645-079D-47B7-819D-E3E172890B99}"
EndProject
Project("{FAE04EC0-301F-11D3-BF4B-00C04F79EFBC}") = "NH", "NH\NH.csproj", "{F595FACB-A613-40C0-9413-C2E75269B7C3}"
EndProject
Project("{FAE04EC0-301F-11D3-BF4B-00C04F79EFBC}") = "EF", "EF\EF.csproj", "{20F88973-8661-4913-8B00-48F9F42B2D5B}"
EndProject
Global
	GlobalSection(SolutionConfigurationPlatforms) = preSolution
		Debug|Any CPU = Debug|Any CPU
		Release|Any CPU = Release|Any CPU
	EndGlobalSection
	GlobalSection(ProjectConfigurationPlatforms) = postSolution
		{A59D8645-079D-47B7-819D-E3E172890B99}.Debug|Any CPU.ActiveCfg = Debug|Any CPU
		{A59D8645-079D-47B7-819D-E3E172890B99}.Debug|Any CPU.Build.0 = Debug|Any CPU
		{A59D8645-079D-47B7-819D-E3E172890B99}.Release|Any CPU.ActiveCfg = Release|Any CPU
		{A59D8645-079D-47B7-819D-E3E172890B99}.Release|Any CPU.Build.0 = Release|Any CPU
		{F595FACB-A613-40C0-9413-C2E75269B7C3}.Debug|Any CPU.ActiveCfg = Debug|Any CPU
		{F595FACB-A613-40C0-9413-C2E75269B7C3}.Debug|Any CPU.Build.0 = Debug|Any CPU
		{F595FACB-A613-40C0-9413-C2E75269B7C3}.Release|Any CPU.ActiveCfg = Release|Any CPU
		{F595FACB-A613-40C0-9413-C2E75269B7C3}.Release|Any CPU.Build.0 = Release|Any CPU
		{20F88973-8661-4913-8B00-48F9F42B2D5B}.Debug|Any CPU.ActiveCfg = Debug|Any CPU
		{20F88973-8661-4913-8B00-48F9F42B2D5B}.Debug|Any CPU.Build.0 = Debug|Any CPU
		{20F88973-8661-4913-8B00-48F9F42B2D5B}.Release|Any CPU.ActiveCfg = Release|Any CPU
		{20F88973-8661-4913-8B00-48F9F42B2D5B}.Release|Any CPU.Build.0 = Release|Any CPU
	EndGlobalSection
	GlobalSection(SolutionProperties) = preSolution
		HideSolutionNode = FALSE
	EndGlobalSection
EndGlobal
